PODS:
  - MultiplatformLocaleGooglePlayStore (0.9.0-SNAPSHOT)

DEPENDENCIES:
  - MultiplatformLocaleGooglePlayStore (from `../multiplatform-locale-google-play-store`)

EXTERNAL SOURCES:
  MultiplatformLocaleGooglePlayStore:
    :path: "../multiplatform-locale-google-play-store"

SPEC CHECKSUMS:
  MultiplatformLocaleGooglePlayStore: 656f89cac77948b61b26f0ef0880c6ef5a23fac7

PODFILE CHECKSUM: 975a05527f8b1931eccaca8d9c39e415a33737df

COCOAPODS: 1.16.2
