PODS:
  - MultiplatformLocaleAll (0.9.0)

DEPENDENCIES:
  - MultiplatformLocaleAll (from `../multiplatform-locale-all`)

EXTERNAL SOURCES:
  MultiplatformLocaleAll:
    :path: "../multiplatform-locale-all"

SPEC CHECKSUMS:
  MultiplatformLocaleAll: 7a8aa6addcfc6e2bcd5dc38d97dcade45fc67a54

PODFILE CHECKSUM: 9ed168d98ea160d8c0c0865fb29f7c761bf8bdfe

COCOAPODS: 1.16.2
