PODS:
  - MultiplatformLocale (0.5.0)

DEPENDENCIES:
  - MultiplatformLocale (from `../multiplatform-locale`)

EXTERNAL SOURCES:
  MultiplatformLocale:
    :path: "../multiplatform-locale"

SPEC CHECKSUMS:
  MultiplatformLocale: 5059caf878f0e5960fe28419d2ac952010737eaf

PODFILE CHECKSUM: b01388020c35fb53f191fb19fdf5459f1cd809b4

COCOAPODS: 1.12.1
