# THIS IS AN AUTOGENERATED FILE. DO NOT EDIT THIS FILE DIRECTLY.
# yarn lockfile v1


country-codes-list@2.0.0:
  version "2.0.0"
  resolved "https://registry.yarnpkg.com/country-codes-list/-/country-codes-list-2.0.0.tgz#162c49028a0a9fe64503ed146980e0bb8529c170"
  integrity sha512-KZqq/LBdCD76hQCa6nOx0bA/nIjYly1OtV8+Bbt/4SW+mJEqGk7oZHjUj7PRrV0gXJJKs6Tv2cIntFdofBByvA==

get-user-locale@3.0.0:
  version "3.0.0"
  resolved "https://registry.yarnpkg.com/get-user-locale/-/get-user-locale-3.0.0.tgz#3ed8fa51bb8c2225b362168c8db19bc0f6cfc25d"
  integrity sha512-iJfHSmdYV39UUBw7Jq6GJzeJxUr4U+S03qdhVuDsR9gCEnfbqLy9gYDJFBJQL1riqolFUKQvx36mEkp2iGgJ3g==
  dependencies:
    memoize "^10.0.0"

memoize@^10.0.0:
  version "10.2.0"
  resolved "https://registry.yarnpkg.com/memoize/-/memoize-10.2.0.tgz#593f8066b922b791390d05e278dbeff163dad956"
  integrity sha512-DeC6b7QBrZsRs3Y02A6A7lQyzFbsQbqgjI6UW0GigGWV+u1s25TycMr0XHZE4cJce7rY/vyw2ctMQqfDkIhUEA==
  dependencies:
    mimic-function "^5.0.1"

mimic-function@^5.0.1:
  version "5.0.1"
  resolved "https://registry.yarnpkg.com/mimic-function/-/mimic-function-5.0.1.tgz#acbe2b3349f99b9deaca7fb70e48b83e94e67076"
  integrity sha512-VP79XUPxV2CigYP3jWwAUFSku2aKqBH7uTAapFWCBqutsbmDo96KY5o8uh6U+/YSIn5OxJnXp73beVkpqMIGhA==
